
Microsoft Visual Studio Solution File, Format Version 12.00
# Visual Studio Version 17
VisualStudioVersion = 17.8.34511.84
MinimumVisualStudioVersion = 10.0.40219.1
Project("{FAE04EC0-301F-11D3-BF4B-00C04F79EFBC}") = "REST uService", "REST uService\REST uService.csproj", "{8473330C-B6B1-4E62-9BFF-9540402A28EB}"
EndProject
Global
	GlobalSection(SolutionConfigurationPlatforms) = preSolution
		Debug|Any CPU = Debug|Any CPU
		Release|Any CPU = Release|Any CPU
	EndGlobalSection
	GlobalSection(ProjectConfigurationPlatforms) = postSolution
		{8473330C-B6B1-4E62-9BFF-9540402A28EB}.Debug|Any CPU.ActiveCfg = Debug|Any CPU
		{8473330C-B6B1-4E62-9BFF-9540402A28EB}.Debug|Any CPU.Build.0 = Debug|Any CPU
		{8473330C-B6B1-4E62-9BFF-9540402A28EB}.Release|Any CPU.ActiveCfg = Release|Any CPU
		{8473330C-B6B1-4E62-9BFF-9540402A28EB}.Release|Any CPU.Build.0 = Release|Any CPU
	EndGlobalSection
	GlobalSection(SolutionProperties) = preSolution
		HideSolutionNode = FALSE
	EndGlobalSection
	GlobalSection(ExtensibilityGlobals) = postSolution
		SolutionGuid = {35746883-317E-45CD-9C0F-937C86E7FD02}
	EndGlobalSection
EndGlobal
